{
  "version": 4,
  "terraform_version": "1.14.0",
  "serial": 199,
  "lineage": "929313a5-a536-f93f-09d2-88b2e393d3b9",
  "outputs": {},
  "resources": [
    {
      "module": "module.compute",
      "mode": "data",
      "type": "aws_ami",
      "name": "ubuntu",
      "provider": "provider[\"registry.terraform.io/hashicorp/aws\"]",
      "instances": [
        {
          "schema_version": 0,
          "attributes": {
            "architecture": "x86_64",
            "arn": "arn:aws:ec2:us-east-1::image/ami-05e86b3611c60b0b4",
            "block_device_mappings": [
              {
                "device_name": "/dev/sda1",
                "ebs": {
                  "delete_on_termination": "true",
                  "encrypted": "false",
                  "iops": "0",
                  "snapshot_id": "snap-01223ecf29ec53147",
                  "throughput": "0",
                  "volume_initialization_rate": "0",
                  "volume_size": "8",
                  "volume_type": "gp2"
                },
                "no_device": "",
                "virtual_name": ""
              },
              {
                "device_name": "/dev/sdb",
                "ebs": {},
                "no_device": "",
                "virtual_name": "ephemeral0"
              },
              {
                "device_name": "/dev/sdc",
                "ebs": {},
                "no_device": "",
                "virtual_name": "ephemeral1"
              }
            ],
            "boot_mode": "uefi-preferred",
            "creation_date": "2026-04-10T07:03:00.000Z",
            "deprecation_time": "2028-04-10T07:03:00.000Z",
            "description": "Canonical, Ubuntu, 22.04, amd64 jammy image",
            "ena_support": true,
            "executable_users": null,
            "filter": [
              {
                "name": "name",
                "values": [
                  "ubuntu/images/hvm-ssd/ubuntu-jammy-22.04-amd64-server-*"
                ]
              },
              {
                "name": "virtualization-type",
                "values": [
                  "hvm"
                ]
              }
            ],
            "hypervisor": "xen",
            "id": "ami-05e86b3611c60b0b4",
            "image_id": "ami-05e86b3611c60b0b4",
            "image_location": "amazon/ubuntu/images/hvm-ssd/ubuntu-jammy-22.04-amd64-server-20260410",
            "image_owner_alias": "amazon",
            "image_type": "machine",
            "imds_support": "",
            "include_deprecated": false,
            "kernel_id": "",
            "last_launched_time": "",
            "most_recent": true,
            "name": "ubuntu/images/hvm-ssd/ubuntu-jammy-22.04-amd64-server-20260410",
            "name_regex": null,
            "owner_id": "099720109477",
            "owners": [
              "099720109477"
            ],
            "platform": "",
            "platform_details": "Linux/UNIX",
            "product_codes": [],
            "public": true,
            "ramdisk_id": "",
            "root_device_name": "/dev/sda1",
            "root_device_type": "ebs",
            "root_snapshot_id": "snap-01223ecf29ec53147",
            "sriov_net_support": "simple",
            "state": "available",
            "state_reason": {
              "code": "UNSET",
              "message": "UNSET"
            },
            "tags": {},
            "timeouts": null,
            "tpm_support": "",
            "uefi_data": null,
            "usage_operation": "RunInstances",
            "virtualization_type": "hvm"
          },
          "sensitive_attributes": [],
          "identity_schema_version": 0
        }
      ]
    },
    {
      "module": "module.compute",
      "mode": "managed",
      "type": "aws_instance",
      "name": "instance",
      "provider": "provider[\"registry.terraform.io/hashicorp/aws\"]",
      "instances": [
        {
          "index_key": 0,
          "schema_version": 1,
          "attributes": {
            "ami": "ami-05e86b3611c60b0b4",
            "arn": "arn:aws:ec2:us-east-1:767398111127:instance/i-029acadfa18f437ad",
            "associate_public_ip_address": false,
            "availability_zone": "us-east-1a",
            "capacity_reservation_specification": [
              {
                "capacity_reservation_preference": "open",
                "capacity_reservation_target": []
              }
            ],
            "cpu_core_count": 2,
            "cpu_options": [
              {
                "amd_sev_snp": "",
                "core_count": 2,
                "threads_per_core": 1
              }
            ],
            "cpu_threads_per_core": 1,
            "credit_specification": [
              {
                "cpu_credits": "standard"
              }
            ],
            "disable_api_stop": false,
            "disable_api_termination": false,
            "ebs_block_device": [],
            "ebs_optimized": false,
            "enable_primary_ipv6": null,
            "enclave_options": [
              {
                "enabled": false
              }
            ],
            "ephemeral_block_device": [],
            "get_password_data": false,
            "hibernation": false,
            "host_id": "",
            "host_resource_group_arn": null,
            "iam_instance_profile": "",
            "id": "i-029acadfa18f437ad",
            "instance_initiated_shutdown_behavior": "terminate",
            "instance_lifecycle": "",
            "instance_market_options": [],
            "instance_state": "running",
            "instance_type": "t2.medium",
            "ipv6_address_count": 0,
            "ipv6_addresses": [],
            "key_name": "ec2-key",
            "launch_template": [],
            "maintenance_options": [
              {
                "auto_recovery": "default"
              }
            ],
            "metadata_options": [
              {
                "http_endpoint": "enabled",
                "http_protocol_ipv6": "disabled",
                "http_put_response_hop_limit": 1,
                "http_tokens": "optional",
                "instance_metadata_tags": "disabled"
              }
            ],
            "monitoring": false,
            "network_interface": [],
            "outpost_arn": "",
            "password_data": "",
            "placement_group": "",
            "placement_partition_number": 0,
            "primary_network_interface_id": "eni-072e4aa02884f05e1",
            "private_dns": "ip-10-0-3-13.ec2.internal",
            "private_dns_name_options": [
              {
                "enable_resource_name_dns_a_record": false,
                "enable_resource_name_dns_aaaa_record": false,
                "hostname_type": "ip-name"
              }
            ],
            "private_ip": "10.0.3.13",
            "public_dns": "",
            "public_ip": "",
            "root_block_device": [
              {
                "delete_on_termination": true,
                "device_name": "/dev/sda1",
                "encrypted": false,
                "iops": 3000,
                "kms_key_id": "",
                "tags": {},
                "tags_all": {},
                "throughput": 125,
                "volume_id": "vol-05e0c00f03b26f7fc",
                "volume_size": 20,
                "volume_type": "gp3"
              }
            ],
            "secondary_private_ips": [],
            "security_groups": [],
            "source_dest_check": true,
            "spot_instance_request_id": "",
            "subnet_id": "subnet-0c04b8e9a62fc9710",
            "tags": {
              "Name": "App-production-instance-1"
            },
            "tags_all": {
              "Name": "App-production-instance-1"
            },
            "tenancy": "default",
            "timeouts": null,
            "user_data": "4e8153406204064d41e4bb81619514ed55d88a85",
            "user_data_base64": null,
            "user_data_replace_on_change": false,
            "volume_tags": null,
            "vpc_security_group_ids": [
              "sg-0f964dbad053afb4d"
            ]
          },
          "sensitive_attributes": [],
          "identity_schema_version": 0,
          "private": "eyJlMmJmYjczMC1lY2FhLTExZTYtOGY4OC0zNDM2M2JjN2M0YzAiOnsiY3JlYXRlIjo2MDAwMDAwMDAwMDAsImRlbGV0ZSI6MTIwMDAwMDAwMDAwMCwicmVhZCI6OTAwMDAwMDAwMDAwLCJ1cGRhdGUiOjYwMDAwMDAwMDAwMH0sInNjaGVtYV92ZXJzaW9uIjoiMSJ9",
          "dependencies": [
            "module.compute.aws_key_pair.ec2",
            "module.compute.aws_security_group.ec2",
            "module.compute.data.aws_ami.ubuntu",
            "module.compute.tls_private_key.ec2",
            "module.network.aws_subnet.private",
            "module.network.aws_vpc.main"
          ]
        },
        {
          "index_key": 1,
          "schema_version": 1,
          "attributes": {
            "ami": "ami-05e86b3611c60b0b4",
            "arn": "arn:aws:ec2:us-east-1:767398111127:instance/i-0aa636c406ba9a5a0",
            "associate_public_ip_address": false,
            "availability_zone": "us-east-1b",
            "capacity_reservation_specification": [
              {
                "capacity_reservation_preference": "open",
                "capacity_reservation_target": []
              }
            ],
            "cpu_core_count": 2,
            "cpu_options": [
              {
                "amd_sev_snp": "",
                "core_count": 2,
                "threads_per_core": 1
              }
            ],
            "cpu_threads_per_core": 1,
            "credit_specification": [
              {
                "cpu_credits": "standard"
              }
            ],
            "disable_api_stop": false,
            "disable_api_termination": false,
            "ebs_block_device": [],
            "ebs_optimized": false,
            "enable_primary_ipv6": null,
            "enclave_options": [
              {
                "enabled": false
              }
            ],
            "ephemeral_block_device": [],
            "get_password_data": false,
            "hibernation": false,
            "host_id": "",
            "host_resource_group_arn": null,
            "iam_instance_profile": "",
            "id": "i-0aa636c406ba9a5a0",
            "instance_initiated_shutdown_behavior": "terminate",
            "instance_lifecycle": "",
            "instance_market_options": [],
            "instance_state": "running",
            "instance_type": "t2.medium",
            "ipv6_address_count": 0,
            "ipv6_addresses": [],
            "key_name": "ec2-key",
            "launch_template": [],
            "maintenance_options": [
              {
                "auto_recovery": "default"
              }
            ],
            "metadata_options": [
              {
                "http_endpoint": "enabled",
                "http_protocol_ipv6": "disabled",
                "http_put_response_hop_limit": 1,
                "http_tokens": "optional",
                "instance_metadata_tags": "disabled"
              }
            ],
            "monitoring": false,
            "network_interface": [],
            "outpost_arn": "",
            "password_data": "",
            "placement_group": "",
            "placement_partition_number": 0,
            "primary_network_interface_id": "eni-09c901ec579c4ee1b",
            "private_dns": "ip-10-0-4-253.ec2.internal",
            "private_dns_name_options": [
              {
                "enable_resource_name_dns_a_record": false,
                "enable_resource_name_dns_aaaa_record": false,
                "hostname_type": "ip-name"
              }
            ],
            "private_ip": "10.0.4.253",
            "public_dns": "",
            "public_ip": "",
            "root_block_device": [
              {
                "delete_on_termination": true,
                "device_name": "/dev/sda1",
                "encrypted": false,
                "iops": 3000,
                "kms_key_id": "",
                "tags": {},
                "tags_all": {},
                "throughput": 125,
                "volume_id": "vol-0b9946b1115889979",
                "volume_size": 20,
                "volume_type": "gp3"
              }
            ],
            "secondary_private_ips": [],
            "security_groups": [],
            "source_dest_check": true,
            "spot_instance_request_id": "",
            "subnet_id": "subnet-0cb1fedbe68e6d2e6",
            "tags": {
              "Name": "App-production-instance-2"
            },
            "tags_all": {
              "Name": "App-production-instance-2"
            },
            "tenancy": "default",
            "timeouts": null,
            "user_data": "4e8153406204064d41e4bb81619514ed55d88a85",
            "user_data_base64": null,
            "user_data_replace_on_change": false,
            "volume_tags": null,
            "vpc_security_group_ids": [
              "sg-0f964dbad053afb4d"
            ]
          },
          "sensitive_attributes": [],
          "identity_schema_version": 0,
          "private": "eyJlMmJmYjczMC1lY2FhLTExZTYtOGY4OC0zNDM2M2JjN2M0YzAiOnsiY3JlYXRlIjo2MDAwMDAwMDAwMDAsImRlbGV0ZSI6MTIwMDAwMDAwMDAwMCwicmVhZCI6OTAwMDAwMDAwMDAwLCJ1cGRhdGUiOjYwMDAwMDAwMDAwMH0sInNjaGVtYV92ZXJzaW9uIjoiMSJ9",
          "dependencies": [
            "module.compute.aws_key_pair.ec2",
            "module.compute.aws_security_group.ec2",
            "module.compute.data.aws_ami.ubuntu",
            "module.compute.tls_private_key.ec2",
            "module.network.aws_subnet.private",
            "module.network.aws_vpc.main"
          ]
        }
      ]
    },
    {
      "module": "module.compute",
      "mode": "managed",
      "type": "aws_key_pair",
      "name": "ec2",
      "provider": "provider[\"registry.terraform.io/hashicorp/aws\"]",
      "instances": [
        {
          "schema_version": 1,
          "attributes": {
            "arn": "arn:aws:ec2:us-east-1:767398111127:key-pair/ec2-key",
            "fingerprint": "57:5e:3e:2a:1e:c8:45:f7:3a:ad:c2:08:4b:50:c1:02",
            "id": "ec2-key",
            "key_name": "ec2-key",
            "key_name_prefix": "",
            "key_pair_id": "key-0b1ec7c17c61214d6",
            "key_type": "rsa",
            "public_key": "ssh-rsa AAAAB3NzaC1yc2EAAAADAQABAAACAQCmqoZU3YjV5+PFYRVcaVp9acyHjv7l0jO+zCwEn+ydUV6gW75IBk5g5RFhrmp2qLopva2uy+mITP1KGDTcDDcmG099baPDeXjIVdRQJHNNTl2+RdYYyZrkUVHQtfFhEK6YK3s9Fnf1mdOYjS3W4PYUfNC695FCFbV2JdmN5mFaX6mYbp6m5HUSEXxFewhM+iMFLy4vKb95JgS6oKifZXbawFkUCqU2g7DecqScbQrhFv4m+bG/WKsPRZOHwTEUdZuCI+78P5PjVADDFjHCUUbVyuHr9xD03YulxlMV8Y7eH5wUzJO7yXSbX/EP+TIRX6QckOD91+D3V2EC78zicMSttxJdDVRu5KYrhHaWVeHx3Bh+ONIstP2Sv/oZsQSUYuyNpZZcckeJJhAf3Q/CxN0zvfSNMrUvuWum+mkjTGSdBlMDhQG9es6IjqY0VTK3ElcTSZBvZStekppHy8P9VcZXRqQNXqYYkV7Cf6rXMwei7j2bIrxl8KfxUekmbRbKjiF9lFyZCwhe2LxowLO8ugz7LlY1AaIKIvKs4ez5BT9I/aqCOjWLu0xizi4kH5BE+3xNYzPMeOlQz03hQAAQsIm7a/CRc9m4Zti/e1i9EEgKY3dcrz6LbX1GpeRDNtPRxdEmMR5An4pz2ucz+i1x8j/TTnegFTODXhpTCzM1rHWm0w==",
            "tags": {},
            "tags_all": {}
          },
          "sensitive_attributes": [],
          "identity_schema_version": 0,
          "private": "eyJzY2hlbWFfdmVyc2lvbiI6IjEifQ==",
          "dependencies": [
            "module.compute.tls_private_key.ec2"
          ]
        }
      ]
    },
    {
      "module": "module.compute",
      "mode": "managed",
      "type": "aws_security_group",
      "name": "ec2",
      "provider": "provider[\"registry.terraform.io/hashicorp/aws\"]",
      "instances": [
        {
          "schema_version": 1,
          "attributes": {
            "arn": "arn:aws:ec2:us-east-1:767398111127:security-group/sg-0f964dbad053afb4d",
            "description": "Security group for EC2 instances",
            "egress": [
              {
                "cidr_blocks": [
                  "0.0.0.0/0"
                ],
                "description": "",
                "from_port": 0,
                "ipv6_cidr_blocks": [],
                "prefix_list_ids": [],
                "protocol": "-1",
                "security_groups": [],
                "self": false,
                "to_port": 0
              }
            ],
            "id": "sg-0f964dbad053afb4d",
            "ingress": [
              {
                "cidr_blocks": [
                  "10.0.0.0/16"
                ],
                "description": "SSH",
                "from_port": 22,
                "ipv6_cidr_blocks": [],
                "prefix_list_ids": [],
                "protocol": "tcp",
                "security_groups": [],
                "self": false,
                "to_port": 22
              },
              {
                "cidr_blocks": [
                  "10.0.0.0/16"
                ],
                "description": "SSH",
                "from_port": 80,
                "ipv6_cidr_blocks": [],
                "prefix_list_ids": [],
                "protocol": "tcp",
                "security_groups": [],
                "self": false,
                "to_port": 80
              }
            ],
            "name": "ec2-sg",
            "name_prefix": "",
            "owner_id": "767398111127",
            "revoke_rules_on_delete": false,
            "tags": {
              "Name": "App-production-ec2-sg"
            },
            "tags_all": {
              "Name": "App-production-ec2-sg"
            },
            "timeouts": null,
            "vpc_id": "vpc-0b9b1d17915a9dc0c"
          },
          "sensitive_attributes": [],
          "identity_schema_version": 0,
          "private": "eyJlMmJmYjczMC1lY2FhLTExZTYtOGY4OC0zNDM2M2JjN2M0YzAiOnsiY3JlYXRlIjo2MDAwMDAwMDAwMDAsImRlbGV0ZSI6OTAwMDAwMDAwMDAwfSwic2NoZW1hX3ZlcnNpb24iOiIxIn0=",
          "dependencies": [
            "module.network.aws_vpc.main"
          ]
        }
      ]
    },
    {
      "module": "module.compute",
      "mode": "managed",
      "type": "local_file",
      "name": "private_key",
      "provider": "provider[\"registry.terraform.io/hashicorp/local\"]",
      "instances": [
        {
          "schema_version": 0,
          "attributes": {
            "content": "-----BEGIN RSA PRIVATE KEY-----\nMIIJKAIBAAKCAgEApqqGVN2I1efjxWEVXGlafWnMh47+5dIzvswsBJ/snVFeoFu+\nSAZOYOURYa5qdqi6Kb2trsvpiEz9Shg03Aw3JhtPfW2jw3l4yFXUUCRzTU5dvkXW\nGMma5FFR0LXxYRCumCt7PRZ39ZnTmI0t1uD2FHzQuveRQhW1diXZjeZhWl+pmG6e\npuR1EhF8RXsITPojBS8uLym/eSYEuqCon2V22sBZFAqlNoOw3nKknG0K4Rb+Jvmx\nv1irD0WTh8ExFHWbgiPu/D+T41QAwxYxwlFG1crh6/cQ9N2LpcZTFfGO3h+cFMyT\nu8l0m1/xD/kyEV+kHJDg/dfg91dhAu/M4nDErbcSXQ1UbuSmK4R2llXh8dwYfjjS\nLLT9kr/6GbEElGLsjaWWXHJHiSYQH90PwsTdM730jTK1L7lrpvppI0xknQZTA4UB\nvXrOiI6mNFUytxJXE0mQb2UrXpKaR8vD/VXGV0akDV6mGJFewn+q1zMHou49myK8\nZfCn8VHpJm0Wyo4hfZRcmQsIXti8aMCzvLoM+y5WNQGiCiLyrOHs+QU/SP2qgjo1\ni7tMYs4uJB+QRPt8TWMzzHjpUM9N4UAAELCJu2vwkXPZuGbYv3tYvRBICmN3XK8+\ni219RqXkQzbT0cXRJjEeQJ+Kc9rnM/otcfI/0053oBUzg14aUwszNax1ptMCAwEA\nAQKCAgAsL1Aupo602uXNOag+mCWn0wkotRXJmvkh76IJ1dYWfPB/xeLD2Hwl/wSl\nJ2bNL30vPLyTdzbh7jtGTfWRkuF6BkqEH7GHTKhjQDHpz0gMKib7Hyub5bLdLdvp\nX5rvF0uaRwjEkLTb1Vy9+Eu7SGek1dRGhQSrBvNVL8Kl9no/ydW99jG0YCPTVvRh\nvTTdp4DqSnBNi51aAmTFj3s0yuMAKndTM2FKew5EYxNV7yivtPdLIO5pIpozEciD\neInI+UbxcRJWKIrN/UK4daVadU64tjE/6//AUw3HNLVpP2GXbLzl3Lib09RIrt5L\nVE7cQUVSV2x2j6lyGWW8MBPawne5gptEHMG4/Eah8yyyqirgri67niX0ecY2k+f4\nRsKaSTJFlP/fVsgBdqlLd6LqPqOpnP8XhQmYQEdEjDSbV3tVYeGbZG/pJ2Og1ZEI\ntw9s/1P12h+UrVS5V22xehP7swZLMRW8u/Qd0hqsF5ut7rgOsgZOdruSciLxeRjO\n6BUHrmKEllnHeOx/PDJU083kDQUgrexE3fUz3nfPyBfgZJMh8wpMpO5ByJldpTT4\nN9whEUSqmBlupigbuQOiagDH6Gsaoz9fkXfl+L8pKZLlrVbEmYJk1OxT6o/JGC4b\nU1xA4GFNz3IMnoh85WTfzh9ackG+Wrz/GMLCLPWBFA/VS80z2QKCAQEAyO1ZwojW\nFnnt7hKleQos7Hviigy0QNLTLs3faB0r1Oujgy+BoPEPlSI3RUP0L+H7MBizER48\n9sMIK+oB7SW8e7dmcW0IAlHpMD/YkFlDkHKqS1BhfgT5BUNGNW7NZZy8yQEInRU+\nZktxvHVonh75JMCe2W8l6v/NNcHptI52Lnon+rg7ZmjFVxoa5J51IG2Dhx/iTo/5\nrzf12zXtBq8YoMPWf2pBloTTnB40cq0yfBnSMoTWBJIC1uUG1E2LzpVl3ex/V4nW\nDelydTvF8n7cgYgAgW20GQDdlJMWfHUiyucSpwKWlVGJwcqwAq1+uxzj/QzKJzEd\nXYk+UGi6zjxuCwKCAQEA1FklkEyTq6YU/1rcDXNSJAIKo//j036lsScY89oy0IU7\nNn/8gz3DDtvqifR9bMuJhhdAvvMZbMXEaKa6WVWogubqjkpfkM0voPiXdLj54UC5\njwmEun3x6mLU8iRzHmfw23coTLX2tmyypTLNIf1DUQzwbLjq+vnijofwHJ2jhvgS\nL4NobO+TIYdp7wzceAEOgkgWmF8AazAuEqmDf0Q0QAw5xY0yRr1f2JRcfX081oMc\nuZ2d6kUjl8b2OsMWyvgGOG6SkOWuQJtJn8pU/ffUJ4KaBXEOZLwgVwd3dANBC8hL\nl5tQNiD3CVd+Y9LWJKKEVyLrl7aMKwVRni+LTzpPWQKCAQA1jFwRplo4H0Kz4jBL\nc9TJKbMUS5J2fDlgDenuW2flFO+89Jo9hEE846OLSDL51+YTyWFfvIlO0meJHJJq\n21XCOvyIWiB6Tc4x17IltkR1aLnN3Jw+86BSML2zW9ZNsFn3z9i11IWOyaiEK144\nVdTcYKF1HVQjrwzHuOhKAHWqqU+iWBssjduZ/RERwNFCVS1qg6rSeTh35BgX1eVX\nlK6hmc++oVjdfoTO5JXhwhrkTBVi9Vf8W9V55AvP5OLPqa0+WdsOP2PWzVJ9v/Jf\nUEQAGXjZBZ2r1Dk5cYHapXUiUjb8X4o2PUbTaOtDq21M/MQeGpx9mW9UEFGVKHQw\nppZFAoIBAGwooBZ4urqyVH2gZPdA5vTKSWsxOnUOTA0Isg/68uj9A6UF2bNrcQAP\nic4Mxxn0Li8rhuH75tZdgWYgjkhUdgl+3rftL/IMYRcnp9VfJn/SPPGbUoy++8p7\n3qUbZbt2C9ttPQydnnVatj+ouY13d6M/6PIn2iBNyVT57pZUwOdNUc37q+PYv2NT\nmuSU83L4btBzMXcY5Ji0KLN+vijDr61zzLVP7uzTJo+lOdr9QFCu5aGxo66g2rlD\nMUXK+sAVRu3VfDfrlS75Ka4HG/VkFx6syhC9fixXGk3Z0sE3qxj6Q26MQHXhopKS\niyEDUenFEY1kjwVuiMSc5+6fnuCS/bkCggEBALTzsnszhcC7QPBFPesP2/j/PKdp\nO57/kMLL4xmuzAMkjnwXg8GyfHk0onrCqe4/wEl2Y3ETdMbhUMPRXJfqdaY0GMXl\nq24Gr1f7Lh6xKpLRyvX/APW7y3W2tYxIiSe30V6GVJAwaunwhY+AXgqxCLspDM3A\nhf6MtQiHOyaVbSP2ApI8MXR6XrFoVPZGCq2ImfgbIpDMImgXuUOrf2Ses2L27yAR\npEn7kzOxoETmIcDHWQ0RP7QNTsTp9YUOOtGw4RJZOPyF8deIOx3kApO5SIZtfPjX\nzVZT1a0wivsplUWkaPrkOXH8QjBmGMyC8ChsE224N2slKOOIuIT5w2gqbG4=\n-----END RSA PRIVATE KEY-----\n",
            "content_base64": null,
            "content_base64sha256": "6MsYbFH7Uf3N8EXNwerR5ntE2MLLizzyKJMrBbIChAk=",
            "content_base64sha512": "3Ug6XI01X0jntPd9oZ7rhYvCaG4yhYMg6iXn9jWt2+w4LRZRf5vFH45W27UDp16Q3nkDcrS1E4nAm3+7S599zA==",
            "content_md5": "7c0ee91b79533375db6dcfa396529dc0",
            "content_sha1": "7cc59413aeb25ed5bc84734ba0a658a9b889b141",
            "content_sha256": "e8cb186c51fb51fdcdf045cdc1ead1e67b44d8c2cb8b3cf228932b05b2028409",
            "content_sha512": "dd483a5c8d355f48e7b4f77da19eeb858bc2686e32858320ea25e7f635addbec382d16517f9bc51f8e56dbb503a75e90de790372b4b51389c09b7fbb4b9f7dcc",
            "directory_permission": "0777",
            "file_permission": "0600",
            "filename": "modules/compute/../../keys/ec2-key.pem",
            "id": "7cc59413aeb25ed5bc84734ba0a658a9b889b141",
            "sensitive_content": null,
            "source": null
          },
          "sensitive_attributes": [
            [
              {
                "type": "get_attr",
                "value": "content"
              }
            ],
            [
              {
                "type": "get_attr",
                "value": "sensitive_content"
              }
            ]
          ],
          "identity_schema_version": 0,
          "dependencies": [
            "module.compute.tls_private_key.ec2"
          ]
        }
      ]
    },
    {
      "module": "module.compute",
      "mode": "managed",
      "type": "tls_private_key",
      "name": "ec2",
      "provider": "provider[\"registry.terraform.io/hashicorp/tls\"]",
      "instances": [
        {
          "schema_version": 1,
          "attributes": {
            "algorithm": "RSA",
            "ecdsa_curve": "P224",
            "id": "c0c7ccd82e06b1a76a8630ef83c216ad724ee1df",
            "private_key_openssh": "-----BEGIN OPENSSH PRIVATE KEY-----\nb3BlbnNzaC1rZXktdjEAAAAABG5vbmUAAAAEbm9uZQAAAAAAAAABAAACFwAAAAdz\nc2gtcnNhAAAAAwEAAQAAAgEApqqGVN2I1efjxWEVXGlafWnMh47+5dIzvswsBJ/s\nnVFeoFu+SAZOYOURYa5qdqi6Kb2trsvpiEz9Shg03Aw3JhtPfW2jw3l4yFXUUCRz\nTU5dvkXWGMma5FFR0LXxYRCumCt7PRZ39ZnTmI0t1uD2FHzQuveRQhW1diXZjeZh\nWl+pmG6epuR1EhF8RXsITPojBS8uLym/eSYEuqCon2V22sBZFAqlNoOw3nKknG0K\n4Rb+Jvmxv1irD0WTh8ExFHWbgiPu/D+T41QAwxYxwlFG1crh6/cQ9N2LpcZTFfGO\n3h+cFMyTu8l0m1/xD/kyEV+kHJDg/dfg91dhAu/M4nDErbcSXQ1UbuSmK4R2llXh\n8dwYfjjSLLT9kr/6GbEElGLsjaWWXHJHiSYQH90PwsTdM730jTK1L7lrpvppI0xk\nnQZTA4UBvXrOiI6mNFUytxJXE0mQb2UrXpKaR8vD/VXGV0akDV6mGJFewn+q1zMH\nou49myK8ZfCn8VHpJm0Wyo4hfZRcmQsIXti8aMCzvLoM+y5WNQGiCiLyrOHs+QU/\nSP2qgjo1i7tMYs4uJB+QRPt8TWMzzHjpUM9N4UAAELCJu2vwkXPZuGbYv3tYvRBI\nCmN3XK8+i219RqXkQzbT0cXRJjEeQJ+Kc9rnM/otcfI/0053oBUzg14aUwszNax1\nptMAAAc4Qi4vqEIuL6gAAAAHc3NoLXJzYQAAAgEApqqGVN2I1efjxWEVXGlafWnM\nh47+5dIzvswsBJ/snVFeoFu+SAZOYOURYa5qdqi6Kb2trsvpiEz9Shg03Aw3JhtP\nfW2jw3l4yFXUUCRzTU5dvkXWGMma5FFR0LXxYRCumCt7PRZ39ZnTmI0t1uD2FHzQ\nuveRQhW1diXZjeZhWl+pmG6epuR1EhF8RXsITPojBS8uLym/eSYEuqCon2V22sBZ\nFAqlNoOw3nKknG0K4Rb+Jvmxv1irD0WTh8ExFHWbgiPu/D+T41QAwxYxwlFG1crh\n6/cQ9N2LpcZTFfGO3h+cFMyTu8l0m1/xD/kyEV+kHJDg/dfg91dhAu/M4nDErbcS\nXQ1UbuSmK4R2llXh8dwYfjjSLLT9kr/6GbEElGLsjaWWXHJHiSYQH90PwsTdM730\njTK1L7lrpvppI0xknQZTA4UBvXrOiI6mNFUytxJXE0mQb2UrXpKaR8vD/VXGV0ak\nDV6mGJFewn+q1zMHou49myK8ZfCn8VHpJm0Wyo4hfZRcmQsIXti8aMCzvLoM+y5W\nNQGiCiLyrOHs+QU/SP2qgjo1i7tMYs4uJB+QRPt8TWMzzHjpUM9N4UAAELCJu2vw\nkXPZuGbYv3tYvRBICmN3XK8+i219RqXkQzbT0cXRJjEeQJ+Kc9rnM/otcfI/0053\noBUzg14aUwszNax1ptMAAAADAQABAAACACwvUC6mjrTa5c05qD6YJafTCSi1Fcma\n+SHvognV1hZ88H/F4sPYfCX/BKUnZs0vfS88vJN3NuHuO0ZN9ZGS4XoGSoQfsYdM\nqGNAMenPSAwqJvsfK5vlst0t2+lfmu8XS5pHCMSQtNvVXL34S7tIZ6TV1EaFBKsG\n81UvwqX2ej/J1b32MbRgI9NW9GG9NN2ngOpKcE2LnVoCZMWPezTK4wAqd1MzYUp7\nDkRjE1XvKK+090sg7mkimjMRyIN4icj5RvFxElYois39Qrh1pVp1Tri2MT/r/8BT\nDcc0tWk/YZdsvOXcuJvT1Eiu3ktUTtxBRVJXbHaPqXIZZbwwE9rCd7mCm0Qcwbj8\nRqHzLLKqKuCuLrueJfR5xjaT5/hGwppJMkWU/99WyAF2qUt3ouo+o6mc/xeFCZhA\nR0SMNJtXe1Vh4Ztkb+knY6DVkQi3D2z/U/XaH5StVLlXbbF6E/uzBksxFby79B3S\nGqwXm63uuA6yBk52u5JyIvF5GM7oFQeuYoSWWcd47H88MlTTzeQNBSCt7ETd9TPe\nd8/IF+BkkyHzCkyk7kHImV2lNPg33CERRKqYGW6mKBu5A6JqAMfoaxqjP1+Rd+X4\nvykpkuWtVsSZgmTU7FPqj8kYLhtTXEDgYU3PcgyeiHzlZN/OH1pyQb5avP8YwsIs\n9YEUD9VLzTPZAAABAQC087J7M4XAu0DwRT3rD9v4/zynaTue/5DCy+MZrswDJI58\nF4PBsnx5NKJ6wqnuP8BJdmNxE3TG4VDD0VyX6nWmNBjF5atuBq9X+y4esSqS0cr1\n/wD1u8t1trWMSIknt9FehlSQMGrp8IWPgF4KsQi7KQzNwIX+jLUIhzsmlW0j9gKS\nPDF0el6xaFT2RgqtiJn4GyKQzCJoF7lDq39knrNi9u8gEaRJ+5MzsaBE5iHAx1kN\nET+0DU7E6fWFDjrRsOESWTj8hfHXiDsd5AKTuUiGbXz4181WU9WtMIr7KZVFpGj6\n5Dlx/EIwZhjMgvAobBNtuDdrJSjjiLiE+cNoKmxuAAABAQDI7VnCiNYWee3uEqV5\nCizse+KKDLRA0tMuzd9oHSvU66ODL4Gg8Q+VIjdFQ/Qv4fswGLMRHjz2wwgr6gHt\nJbx7t2ZxbQgCUekwP9iQWUOQcqpLUGF+BPkFQ0Y1bs1lnLzJAQidFT5mS3G8dWie\nHvkkwJ7ZbyXq/801wem0jnYueif6uDtmaMVXGhrknnUgbYOHH+JOj/mvN/XbNe0G\nrxigw9Z/akGWhNOcHjRyrTJ8GdIyhNYEkgLW5QbUTYvOlWXd7H9XidYN6XJ1O8Xy\nftyBiACBbbQZAN2UkxZ8dSLK5xKnApaVUYnByrACrX67HOP9DMonMR1diT5QaLrO\nPG4LAAABAQDUWSWQTJOrphT/WtwNc1IkAgqj/+PTfqWxJxjz2jLQhTs2f/yDPcMO\n2+qJ9H1sy4mGF0C+8xlsxcRoprpZVaiC5uqOSl+QzS+g+Jd0uPnhQLmPCYS6ffHq\nYtTyJHMeZ/DbdyhMtfa2bLKlMs0h/UNRDPBsuOr6+eKOh/AcnaOG+BIvg2hs75Mh\nh2nvDNx4AQ6CSBaYXwBrMC4SqYN/RDRADDnFjTJGvV/YlFx9fTzWgxy5nZ3qRSOX\nxvY6wxbK+AY4bpKQ5a5Am0mfylT999QngpoFcQ5kvCBXB3d0A0ELyEuXm1A2IPcJ\nV35j0tYkooRXIuuXtowrBVGeL4tPOk9ZAAAAAAEC\n-----END OPENSSH PRIVATE KEY-----\n",
            "private_key_pem": "-----BEGIN RSA PRIVATE KEY-----\nMIIJKAIBAAKCAgEApqqGVN2I1efjxWEVXGlafWnMh47+5dIzvswsBJ/snVFeoFu+\nSAZOYOURYa5qdqi6Kb2trsvpiEz9Shg03Aw3JhtPfW2jw3l4yFXUUCRzTU5dvkXW\nGMma5FFR0LXxYRCumCt7PRZ39ZnTmI0t1uD2FHzQuveRQhW1diXZjeZhWl+pmG6e\npuR1EhF8RXsITPojBS8uLym/eSYEuqCon2V22sBZFAqlNoOw3nKknG0K4Rb+Jvmx\nv1irD0WTh8ExFHWbgiPu/D+T41QAwxYxwlFG1crh6/cQ9N2LpcZTFfGO3h+cFMyT\nu8l0m1/xD/kyEV+kHJDg/dfg91dhAu/M4nDErbcSXQ1UbuSmK4R2llXh8dwYfjjS\nLLT9kr/6GbEElGLsjaWWXHJHiSYQH90PwsTdM730jTK1L7lrpvppI0xknQZTA4UB\nvXrOiI6mNFUytxJXE0mQb2UrXpKaR8vD/VXGV0akDV6mGJFewn+q1zMHou49myK8\nZfCn8VHpJm0Wyo4hfZRcmQsIXti8aMCzvLoM+y5WNQGiCiLyrOHs+QU/SP2qgjo1\ni7tMYs4uJB+QRPt8TWMzzHjpUM9N4UAAELCJu2vwkXPZuGbYv3tYvRBICmN3XK8+\ni219RqXkQzbT0cXRJjEeQJ+Kc9rnM/otcfI/0053oBUzg14aUwszNax1ptMCAwEA\nAQKCAgAsL1Aupo602uXNOag+mCWn0wkotRXJmvkh76IJ1dYWfPB/xeLD2Hwl/wSl\nJ2bNL30vPLyTdzbh7jtGTfWRkuF6BkqEH7GHTKhjQDHpz0gMKib7Hyub5bLdLdvp\nX5rvF0uaRwjEkLTb1Vy9+Eu7SGek1dRGhQSrBvNVL8Kl9no/ydW99jG0YCPTVvRh\nvTTdp4DqSnBNi51aAmTFj3s0yuMAKndTM2FKew5EYxNV7yivtPdLIO5pIpozEciD\neInI+UbxcRJWKIrN/UK4daVadU64tjE/6//AUw3HNLVpP2GXbLzl3Lib09RIrt5L\nVE7cQUVSV2x2j6lyGWW8MBPawne5gptEHMG4/Eah8yyyqirgri67niX0ecY2k+f4\nRsKaSTJFlP/fVsgBdqlLd6LqPqOpnP8XhQmYQEdEjDSbV3tVYeGbZG/pJ2Og1ZEI\ntw9s/1P12h+UrVS5V22xehP7swZLMRW8u/Qd0hqsF5ut7rgOsgZOdruSciLxeRjO\n6BUHrmKEllnHeOx/PDJU083kDQUgrexE3fUz3nfPyBfgZJMh8wpMpO5ByJldpTT4\nN9whEUSqmBlupigbuQOiagDH6Gsaoz9fkXfl+L8pKZLlrVbEmYJk1OxT6o/JGC4b\nU1xA4GFNz3IMnoh85WTfzh9ackG+Wrz/GMLCLPWBFA/VS80z2QKCAQEAyO1ZwojW\nFnnt7hKleQos7Hviigy0QNLTLs3faB0r1Oujgy+BoPEPlSI3RUP0L+H7MBizER48\n9sMIK+oB7SW8e7dmcW0IAlHpMD/YkFlDkHKqS1BhfgT5BUNGNW7NZZy8yQEInRU+\nZktxvHVonh75JMCe2W8l6v/NNcHptI52Lnon+rg7ZmjFVxoa5J51IG2Dhx/iTo/5\nrzf12zXtBq8YoMPWf2pBloTTnB40cq0yfBnSMoTWBJIC1uUG1E2LzpVl3ex/V4nW\nDelydTvF8n7cgYgAgW20GQDdlJMWfHUiyucSpwKWlVGJwcqwAq1+uxzj/QzKJzEd\nXYk+UGi6zjxuCwKCAQEA1FklkEyTq6YU/1rcDXNSJAIKo//j036lsScY89oy0IU7\nNn/8gz3DDtvqifR9bMuJhhdAvvMZbMXEaKa6WVWogubqjkpfkM0voPiXdLj54UC5\njwmEun3x6mLU8iRzHmfw23coTLX2tmyypTLNIf1DUQzwbLjq+vnijofwHJ2jhvgS\nL4NobO+TIYdp7wzceAEOgkgWmF8AazAuEqmDf0Q0QAw5xY0yRr1f2JRcfX081oMc\nuZ2d6kUjl8b2OsMWyvgGOG6SkOWuQJtJn8pU/ffUJ4KaBXEOZLwgVwd3dANBC8hL\nl5tQNiD3CVd+Y9LWJKKEVyLrl7aMKwVRni+LTzpPWQKCAQA1jFwRplo4H0Kz4jBL\nc9TJKbMUS5J2fDlgDenuW2flFO+89Jo9hEE846OLSDL51+YTyWFfvIlO0meJHJJq\n21XCOvyIWiB6Tc4x17IltkR1aLnN3Jw+86BSML2zW9ZNsFn3z9i11IWOyaiEK144\nVdTcYKF1HVQjrwzHuOhKAHWqqU+iWBssjduZ/RERwNFCVS1qg6rSeTh35BgX1eVX\nlK6hmc++oVjdfoTO5JXhwhrkTBVi9Vf8W9V55AvP5OLPqa0+WdsOP2PWzVJ9v/Jf\nUEQAGXjZBZ2r1Dk5cYHapXUiUjb8X4o2PUbTaOtDq21M/MQeGpx9mW9UEFGVKHQw\nppZFAoIBAGwooBZ4urqyVH2gZPdA5vTKSWsxOnUOTA0Isg/68uj9A6UF2bNrcQAP\nic4Mxxn0Li8rhuH75tZdgWYgjkhUdgl+3rftL/IMYRcnp9VfJn/SPPGbUoy++8p7\n3qUbZbt2C9ttPQydnnVatj+ouY13d6M/6PIn2iBNyVT57pZUwOdNUc37q+PYv2NT\nmuSU83L4btBzMXcY5Ji0KLN+vijDr61zzLVP7uzTJo+lOdr9QFCu5aGxo66g2rlD\nMUXK+sAVRu3VfDfrlS75Ka4HG/VkFx6syhC9fixXGk3Z0sE3qxj6Q26MQHXhopKS\niyEDUenFEY1kjwVuiMSc5+6fnuCS/bkCggEBALTzsnszhcC7QPBFPesP2/j/PKdp\nO57/kMLL4xmuzAMkjnwXg8GyfHk0onrCqe4/wEl2Y3ETdMbhUMPRXJfqdaY0GMXl\nq24Gr1f7Lh6xKpLRyvX/APW7y3W2tYxIiSe30V6GVJAwaunwhY+AXgqxCLspDM3A\nhf6MtQiHOyaVbSP2ApI8MXR6XrFoVPZGCq2ImfgbIpDMImgXuUOrf2Ses2L27yAR\npEn7kzOxoETmIcDHWQ0RP7QNTsTp9YUOOtGw4RJZOPyF8deIOx3kApO5SIZtfPjX\nzVZT1a0wivsplUWkaPrkOXH8QjBmGMyC8ChsE224N2slKOOIuIT5w2gqbG4=\n-----END RSA PRIVATE KEY-----\n",
            "private_key_pem_pkcs8": "-----BEGIN PRIVATE KEY-----\nMIIJQgIBADANBgkqhkiG9w0BAQEFAASCCSwwggkoAgEAAoICAQCmqoZU3YjV5+PF\nYRVcaVp9acyHjv7l0jO+zCwEn+ydUV6gW75IBk5g5RFhrmp2qLopva2uy+mITP1K\nGDTcDDcmG099baPDeXjIVdRQJHNNTl2+RdYYyZrkUVHQtfFhEK6YK3s9Fnf1mdOY\njS3W4PYUfNC695FCFbV2JdmN5mFaX6mYbp6m5HUSEXxFewhM+iMFLy4vKb95JgS6\noKifZXbawFkUCqU2g7DecqScbQrhFv4m+bG/WKsPRZOHwTEUdZuCI+78P5PjVADD\nFjHCUUbVyuHr9xD03YulxlMV8Y7eH5wUzJO7yXSbX/EP+TIRX6QckOD91+D3V2EC\n78zicMSttxJdDVRu5KYrhHaWVeHx3Bh+ONIstP2Sv/oZsQSUYuyNpZZcckeJJhAf\n3Q/CxN0zvfSNMrUvuWum+mkjTGSdBlMDhQG9es6IjqY0VTK3ElcTSZBvZStekppH\ny8P9VcZXRqQNXqYYkV7Cf6rXMwei7j2bIrxl8KfxUekmbRbKjiF9lFyZCwhe2Lxo\nwLO8ugz7LlY1AaIKIvKs4ez5BT9I/aqCOjWLu0xizi4kH5BE+3xNYzPMeOlQz03h\nQAAQsIm7a/CRc9m4Zti/e1i9EEgKY3dcrz6LbX1GpeRDNtPRxdEmMR5An4pz2ucz\n+i1x8j/TTnegFTODXhpTCzM1rHWm0wIDAQABAoICACwvUC6mjrTa5c05qD6YJafT\nCSi1Fcma+SHvognV1hZ88H/F4sPYfCX/BKUnZs0vfS88vJN3NuHuO0ZN9ZGS4XoG\nSoQfsYdMqGNAMenPSAwqJvsfK5vlst0t2+lfmu8XS5pHCMSQtNvVXL34S7tIZ6TV\n1EaFBKsG81UvwqX2ej/J1b32MbRgI9NW9GG9NN2ngOpKcE2LnVoCZMWPezTK4wAq\nd1MzYUp7DkRjE1XvKK+090sg7mkimjMRyIN4icj5RvFxElYois39Qrh1pVp1Tri2\nMT/r/8BTDcc0tWk/YZdsvOXcuJvT1Eiu3ktUTtxBRVJXbHaPqXIZZbwwE9rCd7mC\nm0Qcwbj8RqHzLLKqKuCuLrueJfR5xjaT5/hGwppJMkWU/99WyAF2qUt3ouo+o6mc\n/xeFCZhAR0SMNJtXe1Vh4Ztkb+knY6DVkQi3D2z/U/XaH5StVLlXbbF6E/uzBksx\nFby79B3SGqwXm63uuA6yBk52u5JyIvF5GM7oFQeuYoSWWcd47H88MlTTzeQNBSCt\n7ETd9TPed8/IF+BkkyHzCkyk7kHImV2lNPg33CERRKqYGW6mKBu5A6JqAMfoaxqj\nP1+Rd+X4vykpkuWtVsSZgmTU7FPqj8kYLhtTXEDgYU3PcgyeiHzlZN/OH1pyQb5a\nvP8YwsIs9YEUD9VLzTPZAoIBAQDI7VnCiNYWee3uEqV5Cizse+KKDLRA0tMuzd9o\nHSvU66ODL4Gg8Q+VIjdFQ/Qv4fswGLMRHjz2wwgr6gHtJbx7t2ZxbQgCUekwP9iQ\nWUOQcqpLUGF+BPkFQ0Y1bs1lnLzJAQidFT5mS3G8dWieHvkkwJ7ZbyXq/801wem0\njnYueif6uDtmaMVXGhrknnUgbYOHH+JOj/mvN/XbNe0Grxigw9Z/akGWhNOcHjRy\nrTJ8GdIyhNYEkgLW5QbUTYvOlWXd7H9XidYN6XJ1O8XyftyBiACBbbQZAN2UkxZ8\ndSLK5xKnApaVUYnByrACrX67HOP9DMonMR1diT5QaLrOPG4LAoIBAQDUWSWQTJOr\nphT/WtwNc1IkAgqj/+PTfqWxJxjz2jLQhTs2f/yDPcMO2+qJ9H1sy4mGF0C+8xls\nxcRoprpZVaiC5uqOSl+QzS+g+Jd0uPnhQLmPCYS6ffHqYtTyJHMeZ/DbdyhMtfa2\nbLKlMs0h/UNRDPBsuOr6+eKOh/AcnaOG+BIvg2hs75Mhh2nvDNx4AQ6CSBaYXwBr\nMC4SqYN/RDRADDnFjTJGvV/YlFx9fTzWgxy5nZ3qRSOXxvY6wxbK+AY4bpKQ5a5A\nm0mfylT999QngpoFcQ5kvCBXB3d0A0ELyEuXm1A2IPcJV35j0tYkooRXIuuXtowr\nBVGeL4tPOk9ZAoIBADWMXBGmWjgfQrPiMEtz1MkpsxRLknZ8OWAN6e5bZ+UU77z0\nmj2EQTzjo4tIMvnX5hPJYV+8iU7SZ4kckmrbVcI6/IhaIHpNzjHXsiW2RHVouc3c\nnD7zoFIwvbNb1k2wWffP2LXUhY7JqIQrXjhV1NxgoXUdVCOvDMe46EoAdaqpT6JY\nGyyN25n9ERHA0UJVLWqDqtJ5OHfkGBfV5VeUrqGZz76hWN1+hM7kleHCGuRMFWL1\nV/xb1XnkC8/k4s+prT5Z2w4/Y9bNUn2/8l9QRAAZeNkFnavUOTlxgdqldSJSNvxf\nijY9RtNo60OrbUz8xB4anH2Zb1QQUZUodDCmlkUCggEAbCigFni6urJUfaBk90Dm\n9MpJazE6dQ5MDQiyD/ry6P0DpQXZs2txAA+JzgzHGfQuLyuG4fvm1l2BZiCOSFR2\nCX7et+0v8gxhFyen1V8mf9I88ZtSjL77ynvepRtlu3YL2209DJ2edVq2P6i5jXd3\noz/o8ifaIE3JVPnullTA501Rzfur49i/Y1Oa5JTzcvhu0HMxdxjkmLQos36+KMOv\nrXPMtU/u7NMmj6U52v1AUK7lobGjrqDauUMxRcr6wBVG7dV8N+uVLvkprgcb9WQX\nHqzKEL1+LFcaTdnSwTerGPpDboxAdeGikpKLIQNR6cURjWSPBW6IxJzn7p+e4JL9\nuQKCAQEAtPOyezOFwLtA8EU96w/b+P88p2k7nv+QwsvjGa7MAySOfBeDwbJ8eTSi\nesKp7j/ASXZjcRN0xuFQw9Fcl+p1pjQYxeWrbgavV/suHrEqktHK9f8A9bvLdba1\njEiJJ7fRXoZUkDBq6fCFj4BeCrEIuykMzcCF/oy1CIc7JpVtI/YCkjwxdHpesWhU\n9kYKrYiZ+BsikMwiaBe5Q6t/ZJ6zYvbvIBGkSfuTM7GgROYhwMdZDRE/tA1OxOn1\nhQ460bDhElk4/IXx14g7HeQCk7lIhm18+NfNVlPVrTCK+ymVRaRo+uQ5cfxCMGYY\nzILwKGwTbbg3ayUo44i4hPnDaCpsbg==\n-----END PRIVATE KEY-----\n",
            "public_key_fingerprint_md5": "d1:fd:43:94:b4:1d:72:6d:7d:38:92:ed:e9:48:02:c6",
            "public_key_fingerprint_sha256": "SHA256:Nzdv7zcgoVJS3jbr0MOMOwPb4CaWUyMmFMD0dEWLnpU",
            "public_key_openssh": "ssh-rsa AAAAB3NzaC1yc2EAAAADAQABAAACAQCmqoZU3YjV5+PFYRVcaVp9acyHjv7l0jO+zCwEn+ydUV6gW75IBk5g5RFhrmp2qLopva2uy+mITP1KGDTcDDcmG099baPDeXjIVdRQJHNNTl2+RdYYyZrkUVHQtfFhEK6YK3s9Fnf1mdOYjS3W4PYUfNC695FCFbV2JdmN5mFaX6mYbp6m5HUSEXxFewhM+iMFLy4vKb95JgS6oKifZXbawFkUCqU2g7DecqScbQrhFv4m+bG/WKsPRZOHwTEUdZuCI+78P5PjVADDFjHCUUbVyuHr9xD03YulxlMV8Y7eH5wUzJO7yXSbX/EP+TIRX6QckOD91+D3V2EC78zicMSttxJdDVRu5KYrhHaWVeHx3Bh+ONIstP2Sv/oZsQSUYuyNpZZcckeJJhAf3Q/CxN0zvfSNMrUvuWum+mkjTGSdBlMDhQG9es6IjqY0VTK3ElcTSZBvZStekppHy8P9VcZXRqQNXqYYkV7Cf6rXMwei7j2bIrxl8KfxUekmbRbKjiF9lFyZCwhe2LxowLO8ugz7LlY1AaIKIvKs4ez5BT9I/aqCOjWLu0xizi4kH5BE+3xNYzPMeOlQz03hQAAQsIm7a/CRc9m4Zti/e1i9EEgKY3dcrz6LbX1GpeRDNtPRxdEmMR5An4pz2ucz+i1x8j/TTnegFTODXhpTCzM1rHWm0w==\n",
            "public_key_pem": "-----BEGIN PUBLIC KEY-----\nMIICIjANBgkqhkiG9w0BAQEFAAOCAg8AMIICCgKCAgEApqqGVN2I1efjxWEVXGla\nfWnMh47+5dIzvswsBJ/snVFeoFu+SAZOYOURYa5qdqi6Kb2trsvpiEz9Shg03Aw3\nJhtPfW2jw3l4yFXUUCRzTU5dvkXWGMma5FFR0LXxYRCumCt7PRZ39ZnTmI0t1uD2\nFHzQuveRQhW1diXZjeZhWl+pmG6epuR1EhF8RXsITPojBS8uLym/eSYEuqCon2V2\n2sBZFAqlNoOw3nKknG0K4Rb+Jvmxv1irD0WTh8ExFHWbgiPu/D+T41QAwxYxwlFG\n1crh6/cQ9N2LpcZTFfGO3h+cFMyTu8l0m1/xD/kyEV+kHJDg/dfg91dhAu/M4nDE\nrbcSXQ1UbuSmK4R2llXh8dwYfjjSLLT9kr/6GbEElGLsjaWWXHJHiSYQH90PwsTd\nM730jTK1L7lrpvppI0xknQZTA4UBvXrOiI6mNFUytxJXE0mQb2UrXpKaR8vD/VXG\nV0akDV6mGJFewn+q1zMHou49myK8ZfCn8VHpJm0Wyo4hfZRcmQsIXti8aMCzvLoM\n+y5WNQGiCiLyrOHs+QU/SP2qgjo1i7tMYs4uJB+QRPt8TWMzzHjpUM9N4UAAELCJ\nu2vwkXPZuGbYv3tYvRBICmN3XK8+i219RqXkQzbT0cXRJjEeQJ+Kc9rnM/otcfI/\n0053oBUzg14aUwszNax1ptMCAwEAAQ==\n-----END PUBLIC KEY-----\n",
            "rsa_bits": 4096
          },
          "sensitive_attributes": [
            [
              {
                "type": "get_attr",
                "value": "private_key_openssh"
              }
            ],
            [
              {
                "type": "get_attr",
                "value": "private_key_pem"
              }
            ],
            [
              {
                "type": "get_attr",
                "value": "private_key_pem_pkcs8"
              }
            ]
          ],
          "identity_schema_version": 0
        }
      ]
    },
    {
      "module": "module.loadbalancer",
      "mode": "managed",
      "type": "aws_lb",
      "name": "main",
      "provider": "provider[\"registry.terraform.io/hashicorp/aws\"]",
      "instances": [
        {
          "schema_version": 0,
          "attributes": {
            "access_logs": [
              {
                "bucket": "",
                "enabled": false,
                "prefix": ""
              }
            ],
            "arn": "arn:aws:elasticloadbalancing:us-east-1:767398111127:loadbalancer/app/production-loadbalancer/b180c4beaebb741b",
            "arn_suffix": "app/production-loadbalancer/b180c4beaebb741b",
            "client_keep_alive": 3600,
            "connection_logs": [
              {
                "bucket": "",
                "enabled": false,
                "prefix": ""
              }
            ],
            "customer_owned_ipv4_pool": "",
            "desync_mitigation_mode": "defensive",
            "dns_name": "production-loadbalancer-403387661.us-east-1.elb.amazonaws.com",
            "dns_record_client_routing_policy": null,
            "drop_invalid_header_fields": false,
            "enable_cross_zone_load_balancing": true,
            "enable_deletion_protection": false,
            "enable_http2": true,
            "enable_tls_version_and_cipher_suite_headers": false,
            "enable_waf_fail_open": false,
            "enable_xff_client_port": false,
            "enable_zonal_shift": false,
            "enforce_security_group_inbound_rules_on_private_link_traffic": "",
            "id": "arn:aws:elasticloadbalancing:us-east-1:767398111127:loadbalancer/app/production-loadbalancer/b180c4beaebb741b",
            "idle_timeout": 60,
            "internal": false,
            "ip_address_type": "ipv4",
            "ipam_pools": [],
            "load_balancer_type": "application",
            "minimum_load_balancer_capacity": [],
            "name": "production-loadbalancer",
            "name_prefix": "",
            "preserve_host_header": false,
            "security_groups": [
              "sg-00b8ccad0f05b5014"
            ],
            "subnet_mapping": [
              {
                "allocation_id": "",
                "ipv6_address": "",
                "outpost_id": "",
                "private_ipv4_address": "",
                "subnet_id": "subnet-077541c2969ab078e"
              },
              {
                "allocation_id": "",
                "ipv6_address": "",
                "outpost_id": "",
                "private_ipv4_address": "",
                "subnet_id": "subnet-0883d6ac063f6033d"
              }
            ],
            "subnets": [
              "subnet-077541c2969ab078e",
              "subnet-0883d6ac063f6033d"
            ],
            "tags": {
              "Name": "App-production-alb"
            },
            "tags_all": {
              "Name": "App-production-alb"
            },
            "timeouts": null,
            "vpc_id": "vpc-0b9b1d17915a9dc0c",
            "xff_header_processing_mode": "append",
            "zone_id": "Z35SXDOTRQ7X7K"
          },
          "sensitive_attributes": [],
          "identity_schema_version": 0,
          "private": "eyJlMmJmYjczMC1lY2FhLTExZTYtOGY4OC0zNDM2M2JjN2M0YzAiOnsiY3JlYXRlIjo2MDAwMDAwMDAwMDAsImRlbGV0ZSI6NjAwMDAwMDAwMDAwLCJ1cGRhdGUiOjYwMDAwMDAwMDAwMH19",
          "dependencies": [
            "module.loadbalancer.aws_security_group.alb",
            "module.network.aws_subnet.public",
            "module.network.aws_vpc.main"
          ]
        }
      ]
    },
    {
      "module": "module.loadbalancer",
      "mode": "managed",
      "type": "aws_lb_listener",
      "name": "http",
      "provider": "provider[\"registry.terraform.io/hashicorp/aws\"]",
      "instances": [
        {
          "schema_version": 0,
          "attributes": {
            "alpn_policy": null,
            "arn": "arn:aws:elasticloadbalancing:us-east-1:767398111127:listener/app/production-loadbalancer/b180c4beaebb741b/cf219b27f2bb448f",
            "certificate_arn": null,
            "default_action": [
              {
                "authenticate_cognito": [],
                "authenticate_oidc": [],
                "fixed_response": [],
                "forward": [],
                "order": 1,
                "redirect": [],
                "target_group_arn": "arn:aws:elasticloadbalancing:us-east-1:767398111127:targetgroup/production-tg/5e6b48f4f32bc4c6",
                "type": "forward"
              }
            ],
            "id": "arn:aws:elasticloadbalancing:us-east-1:767398111127:listener/app/production-loadbalancer/b180c4beaebb741b/cf219b27f2bb448f",
            "load_balancer_arn": "arn:aws:elasticloadbalancing:us-east-1:767398111127:loadbalancer/app/production-loadbalancer/b180c4beaebb741b",
            "mutual_authentication": [],
            "port": 80,
            "protocol": "HTTP",
            "routing_http_request_x_amzn_mtls_clientcert_header_name": null,
            "routing_http_request_x_amzn_mtls_clientcert_issuer_header_name": null,
            "routing_http_request_x_amzn_mtls_clientcert_leaf_header_name": null,
            "routing_http_request_x_amzn_mtls_clientcert_serial_number_header_name": null,
            "routing_http_request_x_amzn_mtls_clientcert_subject_header_name": null,
            "routing_http_request_x_amzn_mtls_clientcert_validity_header_name": null,
            "routing_http_request_x_amzn_tls_cipher_suite_header_name": null,
            "routing_http_request_x_amzn_tls_version_header_name": null,
            "routing_http_response_access_control_allow_credentials_header_value": "",
            "routing_http_response_access_control_allow_headers_header_value": "",
            "routing_http_response_access_control_allow_methods_header_value": "",
            "routing_http_response_access_control_allow_origin_header_value": "",
            "routing_http_response_access_control_expose_headers_header_value": "",
            "routing_http_response_access_control_max_age_header_value": "",
            "routing_http_response_content_security_policy_header_value": "",
            "routing_http_response_server_enabled": true,
            "routing_http_response_strict_transport_security_header_value": "",
            "routing_http_response_x_content_type_options_header_value": "",
            "routing_http_response_x_frame_options_header_value": "",
            "ssl_policy": "",
            "tags": {},
            "tags_all": {},
            "tcp_idle_timeout_seconds": null,
            "timeouts": null
          },
          "sensitive_attributes": [],
          "identity_schema_version": 0,
          "private": "eyJlMmJmYjczMC1lY2FhLTExZTYtOGY4OC0zNDM2M2JjN2M0YzAiOnsiY3JlYXRlIjozMDAwMDAwMDAwMDAsInVwZGF0ZSI6MzAwMDAwMDAwMDAwfX0=",
          "dependencies": [
            "module.loadbalancer.aws_lb.main",
            "module.loadbalancer.aws_lb_target_group.main",
            "module.loadbalancer.aws_security_group.alb",
            "module.network.aws_subnet.public",
            "module.network.aws_vpc.main"
          ]
        }
      ]
    },
    {
      "module": "module.loadbalancer",
      "mode": "managed",
      "type": "aws_lb_target_group",
      "name": "main",
      "provider": "provider[\"registry.terraform.io/hashicorp/aws\"]",
      "instances": [
        {
          "schema_version": 0,
          "attributes": {
            "arn": "arn:aws:elasticloadbalancing:us-east-1:767398111127:targetgroup/production-tg/5e6b48f4f32bc4c6",
            "arn_suffix": "targetgroup/production-tg/5e6b48f4f32bc4c6",
            "connection_termination": null,
            "deregistration_delay": "300",
            "health_check": [
              {
                "enabled": true,
                "healthy_threshold": 2,
                "interval": 30,
                "matcher": "200",
                "path": "/",
                "port": "traffic-port",
                "protocol": "HTTP",
                "timeout": 5,
                "unhealthy_threshold": 2
              }
            ],
            "id": "arn:aws:elasticloadbalancing:us-east-1:767398111127:targetgroup/production-tg/5e6b48f4f32bc4c6",
            "ip_address_type": "ipv4",
            "lambda_multi_value_headers_enabled": false,
            "load_balancer_arns": [
              "arn:aws:elasticloadbalancing:us-east-1:767398111127:loadbalancer/app/production-loadbalancer/b180c4beaebb741b"
            ],
            "load_balancing_algorithm_type": "round_robin",
            "load_balancing_anomaly_mitigation": "off",
            "load_balancing_cross_zone_enabled": "use_load_balancer_configuration",
            "name": "production-tg",
            "name_prefix": "",
            "port": 80,
            "preserve_client_ip": null,
            "protocol": "HTTP",
            "protocol_version": "HTTP1",
            "proxy_protocol_v2": false,
            "slow_start": 0,
            "stickiness": [
              {
                "cookie_duration": 86400,
                "cookie_name": "",
                "enabled": false,
                "type": "lb_cookie"
              }
            ],
            "tags": {
              "Name": "App-production-tg"
            },
            "tags_all": {
              "Name": "App-production-tg"
            },
            "target_failover": [
              {
                "on_deregistration": null,
                "on_unhealthy": null
              }
            ],
            "target_group_health": [
              {
                "dns_failover": [
                  {
                    "minimum_healthy_targets_count": "1",
                    "minimum_healthy_targets_percentage": "off"
                  }
                ],
                "unhealthy_state_routing": [
                  {
                    "minimum_healthy_targets_count": 1,
                    "minimum_healthy_targets_percentage": "off"
                  }
                ]
              }
            ],
            "target_health_state": [
              {
                "enable_unhealthy_connection_termination": null,
                "unhealthy_draining_interval": null
              }
            ],
            "target_type": "instance",
            "vpc_id": "vpc-0b9b1d17915a9dc0c"
          },
          "sensitive_attributes": [],
          "identity_schema_version": 0,
          "private": "bnVsbA==",
          "dependencies": [
            "module.network.aws_vpc.main"
          ]
        }
      ]
    },
    {
      "module": "module.loadbalancer",
      "mode": "managed",
      "type": "aws_lb_target_group_attachment",
      "name": "main",
      "provider": "provider[\"registry.terraform.io/hashicorp/aws\"]",
      "instances": [
        {
          "index_key": 0,
          "schema_version": 0,
          "attributes": {
            "availability_zone": null,
            "id": "arn:aws:elasticloadbalancing:us-east-1:767398111127:targetgroup/production-tg/5e6b48f4f32bc4c6-20260419105200583700000004",
            "port": 80,
            "target_group_arn": "arn:aws:elasticloadbalancing:us-east-1:767398111127:targetgroup/production-tg/5e6b48f4f32bc4c6",
            "target_id": "i-029acadfa18f437ad"
          },
          "sensitive_attributes": [],
          "identity_schema_version": 0,
          "private": "bnVsbA==",
          "dependencies": [
            "module.compute.aws_instance.instance",
            "module.compute.aws_key_pair.ec2",
            "module.compute.aws_security_group.ec2",
            "module.compute.data.aws_ami.ubuntu",
            "module.compute.tls_private_key.ec2",
            "module.loadbalancer.aws_lb_target_group.main",
            "module.network.aws_subnet.private",
            "module.network.aws_vpc.main"
          ]
        },
        {
          "index_key": 1,
          "schema_version": 0,
          "attributes": {
            "availability_zone": null,
            "id": "arn:aws:elasticloadbalancing:us-east-1:767398111127:targetgroup/production-tg/5e6b48f4f32bc4c6-20260419105200583400000003",
            "port": 80,
            "target_group_arn": "arn:aws:elasticloadbalancing:us-east-1:767398111127:targetgroup/production-tg/5e6b48f4f32bc4c6",
            "target_id": "i-0aa636c406ba9a5a0"
          },
          "sensitive_attributes": [],
          "identity_schema_version": 0,
          "private": "bnVsbA==",
          "dependencies": [
            "module.compute.aws_instance.instance",
            "module.compute.aws_key_pair.ec2",
            "module.compute.aws_security_group.ec2",
            "module.compute.data.aws_ami.ubuntu",
            "module.compute.tls_private_key.ec2",
            "module.loadbalancer.aws_lb_target_group.main",
            "module.network.aws_subnet.private",
            "module.network.aws_vpc.main"
          ]
        }
      ]
    },
    {
      "module": "module.loadbalancer",
      "mode": "managed",
      "type": "aws_security_group",
      "name": "alb",
      "provider": "provider[\"registry.terraform.io/hashicorp/aws\"]",
      "instances": [
        {
          "schema_version": 1,
          "attributes": {
            "arn": "arn:aws:ec2:us-east-1:767398111127:security-group/sg-00b8ccad0f05b5014",
            "description": "Security group for ALB",
            "egress": [
              {
                "cidr_blocks": [
                  "0.0.0.0/0"
                ],
                "description": "",
                "from_port": 0,
                "ipv6_cidr_blocks": [],
                "prefix_list_ids": [],
                "protocol": "-1",
                "security_groups": [],
                "self": false,
                "to_port": 0
              }
            ],
            "id": "sg-00b8ccad0f05b5014",
            "ingress": [
              {
                "cidr_blocks": [
                  "0.0.0.0/0"
                ],
                "description": "HTTP from internet",
                "from_port": 80,
                "ipv6_cidr_blocks": [],
                "prefix_list_ids": [],
                "protocol": "tcp",
                "security_groups": [],
                "self": false,
                "to_port": 80
              },
              {
                "cidr_blocks": [
                  "0.0.0.0/0"
                ],
                "description": "HTTPS from internet",
                "from_port": 443,
                "ipv6_cidr_blocks": [],
                "prefix_list_ids": [],
                "protocol": "tcp",
                "security_groups": [],
                "self": false,
                "to_port": 443
              }
            ],
            "name": "productin-alb-sg",
            "name_prefix": "",
            "owner_id": "767398111127",
            "revoke_rules_on_delete": false,
            "tags": {},
            "tags_all": {},
            "timeouts": null,
            "vpc_id": "vpc-0b9b1d17915a9dc0c"
          },
          "sensitive_attributes": [],
          "identity_schema_version": 0,
          "private": "eyJlMmJmYjczMC1lY2FhLTExZTYtOGY4OC0zNDM2M2JjN2M0YzAiOnsiY3JlYXRlIjo2MDAwMDAwMDAwMDAsImRlbGV0ZSI6OTAwMDAwMDAwMDAwfSwic2NoZW1hX3ZlcnNpb24iOiIxIn0=",
          "dependencies": [
            "module.network.aws_vpc.main"
          ]
        }
      ]
    },
    {
      "module": "module.network",
      "mode": "managed",
      "type": "aws_eip",
      "name": "nat",
      "provider": "provider[\"registry.terraform.io/hashicorp/aws\"]",
      "instances": [
        {
          "schema_version": 0,
          "attributes": {
            "address": null,
            "allocation_id": "eipalloc-088cfb55b9752e47b",
            "arn": "arn:aws:ec2:us-east-1:767398111127:elastic-ip/eipalloc-088cfb55b9752e47b",
            "associate_with_private_ip": null,
            "association_id": "eipassoc-02e3233b33562c0b4",
            "carrier_ip": "",
            "customer_owned_ip": "",
            "customer_owned_ipv4_pool": "",
            "domain": "vpc",
            "id": "eipalloc-088cfb55b9752e47b",
            "instance": "",
            "ipam_pool_id": null,
            "network_border_group": "us-east-1",
            "network_interface": "eni-04aa7c22421caa866",
            "private_dns": "ip-10-0-1-230.ec2.internal",
            "private_ip": "10.0.1.230",
            "ptr_record": "",
            "public_dns": "ec2-44-217-56-135.compute-1.amazonaws.com",
            "public_ip": "44.217.56.135",
            "public_ipv4_pool": "amazon",
            "tags": {
              "Name": "App-production-nat-eip"
            },
            "tags_all": {
              "Name": "App-production-nat-eip"
            },
            "timeouts": null,
            "vpc": true
          },
          "sensitive_attributes": [],
          "identity_schema_version": 0,
          "private": "eyJlMmJmYjczMC1lY2FhLTExZTYtOGY4OC0zNDM2M2JjN2M0YzAiOnsiZGVsZXRlIjoxODAwMDAwMDAwMDAsInJlYWQiOjkwMDAwMDAwMDAwMCwidXBkYXRlIjozMDAwMDAwMDAwMDB9fQ=="
        }
      ]
    },
    {
      "module": "module.network",
      "mode": "managed",
      "type": "aws_internet_gateway",
      "name": "gw",
      "provider": "provider[\"registry.terraform.io/hashicorp/aws\"]",
      "instances": [
        {
          "schema_version": 0,
          "attributes": {
            "arn": "arn:aws:ec2:us-east-1:767398111127:internet-gateway/igw-01f20d19fdde85454",
            "id": "igw-01f20d19fdde85454",
            "owner_id": "767398111127",
            "tags": {
              "Name": "App-production-internet-gateway"
            },
            "tags_all": {
              "Name": "App-production-internet-gateway"
            },
            "timeouts": null,
            "vpc_id": "vpc-0b9b1d17915a9dc0c"
          },
          "sensitive_attributes": [],
          "identity_schema_version": 0,
          "private": "eyJlMmJmYjczMC1lY2FhLTExZTYtOGY4OC0zNDM2M2JjN2M0YzAiOnsiY3JlYXRlIjoxMjAwMDAwMDAwMDAwLCJkZWxldGUiOjEyMDAwMDAwMDAwMDAsInVwZGF0ZSI6MTIwMDAwMDAwMDAwMH19",
          "dependencies": [
            "module.network.aws_vpc.main"
          ]
        }
      ]
    },
    {
      "module": "module.network",
      "mode": "managed",
      "type": "aws_nat_gateway",
      "name": "nat",
      "provider": "provider[\"registry.terraform.io/hashicorp/aws\"]",
      "instances": [
        {
          "schema_version": 0,
          "attributes": {
            "allocation_id": "eipalloc-088cfb55b9752e47b",
            "association_id": "eipassoc-02e3233b33562c0b4",
            "connectivity_type": "public",
            "id": "nat-07f84e66dac06679a",
            "network_interface_id": "eni-04aa7c22421caa866",
            "private_ip": "10.0.1.230",
            "public_ip": "44.217.56.135",
            "secondary_allocation_ids": [],
            "secondary_private_ip_address_count": 0,
            "secondary_private_ip_addresses": [],
            "subnet_id": "subnet-0883d6ac063f6033d",
            "tags": {
              "Name": "App-production-nat-gateway"
            },
            "tags_all": {
              "Name": "App-production-nat-gateway"
            },
            "timeouts": null
          },
          "sensitive_attributes": [],
          "identity_schema_version": 0,
          "private": "eyJlMmJmYjczMC1lY2FhLTExZTYtOGY4OC0zNDM2M2JjN2M0YzAiOnsiY3JlYXRlIjo2MDAwMDAwMDAwMDAsImRlbGV0ZSI6MTgwMDAwMDAwMDAwMCwidXBkYXRlIjo2MDAwMDAwMDAwMDB9fQ==",
          "dependencies": [
            "module.network.aws_eip.nat",
            "module.network.aws_internet_gateway.gw",
            "module.network.aws_subnet.public",
            "module.network.aws_vpc.main"
          ]
        }
      ]
    },
    {
      "module": "module.network",
      "mode": "managed",
      "type": "aws_route_table",
      "name": "database_rt",
      "provider": "provider[\"registry.terraform.io/hashicorp/aws\"]",
      "instances": [
        {
          "schema_version": 0,
          "attributes": {
            "arn": "arn:aws:ec2:us-east-1:767398111127:route-table/rtb-0a738fbfd992ea48b",
            "id": "rtb-0a738fbfd992ea48b",
            "owner_id": "767398111127",
            "propagating_vgws": [],
            "route": [
              {
                "carrier_gateway_id": "",
                "cidr_block": "0.0.0.0/0",
                "core_network_arn": "",
                "destination_prefix_list_id": "",
                "egress_only_gateway_id": "",
                "gateway_id": "nat-07f84e66dac06679a",
                "ipv6_cidr_block": "",
                "local_gateway_id": "",
                "nat_gateway_id": "",
                "network_interface_id": "",
                "transit_gateway_id": "",
                "vpc_endpoint_id": "",
                "vpc_peering_connection_id": ""
              }
            ],
            "tags": {
              "Name": "App-production-database-route-table"
            },
            "tags_all": {
              "Name": "App-production-database-route-table"
            },
            "timeouts": null,
            "vpc_id": "vpc-0b9b1d17915a9dc0c"
          },
          "sensitive_attributes": [],
          "identity_schema_version": 0,
          "private": "eyJlMmJmYjczMC1lY2FhLTExZTYtOGY4OC0zNDM2M2JjN2M0YzAiOnsiY3JlYXRlIjozMDAwMDAwMDAwMDAsImRlbGV0ZSI6MzAwMDAwMDAwMDAwLCJ1cGRhdGUiOjEyMDAwMDAwMDAwMH19",
          "dependencies": [
            "module.network.aws_eip.nat",
            "module.network.aws_internet_gateway.gw",
            "module.network.aws_nat_gateway.nat",
            "module.network.aws_subnet.public",
            "module.network.aws_vpc.main"
          ]
        }
      ]
    },
    {
      "module": "module.network",
      "mode": "managed",
      "type": "aws_route_table",
      "name": "private_rt",
      "provider": "provider[\"registry.terraform.io/hashicorp/aws\"]",
      "instances": [
        {
          "schema_version": 0,
          "attributes": {
            "arn": "arn:aws:ec2:us-east-1:767398111127:route-table/rtb-078bdbaff86866b02",
            "id": "rtb-078bdbaff86866b02",
            "owner_id": "767398111127",
            "propagating_vgws": [],
            "route": [
              {
                "carrier_gateway_id": "",
                "cidr_block": "0.0.0.0/0",
                "core_network_arn": "",
                "destination_prefix_list_id": "",
                "egress_only_gateway_id": "",
                "gateway_id": "nat-07f84e66dac06679a",
                "ipv6_cidr_block": "",
                "local_gateway_id": "",
                "nat_gateway_id": "",
                "network_interface_id": "",
                "transit_gateway_id": "",
                "vpc_endpoint_id": "",
                "vpc_peering_connection_id": ""
              }
            ],
            "tags": {
              "Name": "App-production-private-route-table"
            },
            "tags_all": {
              "Name": "App-production-private-route-table"
            },
            "timeouts": null,
            "vpc_id": "vpc-0b9b1d17915a9dc0c"
          },
          "sensitive_attributes": [],
          "identity_schema_version": 0,
          "private": "eyJlMmJmYjczMC1lY2FhLTExZTYtOGY4OC0zNDM2M2JjN2M0YzAiOnsiY3JlYXRlIjozMDAwMDAwMDAwMDAsImRlbGV0ZSI6MzAwMDAwMDAwMDAwLCJ1cGRhdGUiOjEyMDAwMDAwMDAwMH19",
          "dependencies": [
            "module.network.aws_eip.nat",
            "module.network.aws_internet_gateway.gw",
            "module.network.aws_nat_gateway.nat",
            "module.network.aws_subnet.public",
            "module.network.aws_vpc.main"
          ]
        }
      ]
    },
    {
      "module": "module.network",
      "mode": "managed",
      "type": "aws_route_table",
      "name": "public_rt",
      "provider": "provider[\"registry.terraform.io/hashicorp/aws\"]",
      "instances": [
        {
          "schema_version": 0,
          "attributes": {
            "arn": "arn:aws:ec2:us-east-1:767398111127:route-table/rtb-051dfbf61608305b1",
            "id": "rtb-051dfbf61608305b1",
            "owner_id": "767398111127",
            "propagating_vgws": [],
            "route": [
              {
                "carrier_gateway_id": "",
                "cidr_block": "0.0.0.0/0",
                "core_network_arn": "",
                "destination_prefix_list_id": "",
                "egress_only_gateway_id": "",
                "gateway_id": "igw-01f20d19fdde85454",
                "ipv6_cidr_block": "",
                "local_gateway_id": "",
                "nat_gateway_id": "",
                "network_interface_id": "",
                "transit_gateway_id": "",
                "vpc_endpoint_id": "",
                "vpc_peering_connection_id": ""
              }
            ],
            "tags": {
              "Name": "App-production-public-route-table"
            },
            "tags_all": {
              "Name": "App-production-public-route-table"
            },
            "timeouts": null,
            "vpc_id": "vpc-0b9b1d17915a9dc0c"
          },
          "sensitive_attributes": [],
          "identity_schema_version": 0,
          "private": "eyJlMmJmYjczMC1lY2FhLTExZTYtOGY4OC0zNDM2M2JjN2M0YzAiOnsiY3JlYXRlIjozMDAwMDAwMDAwMDAsImRlbGV0ZSI6MzAwMDAwMDAwMDAwLCJ1cGRhdGUiOjEyMDAwMDAwMDAwMH19",
          "dependencies": [
            "module.network.aws_internet_gateway.gw",
            "module.network.aws_vpc.main"
          ]
        }
      ]
    },
    {
      "module": "module.network",
      "mode": "managed",
      "type": "aws_route_table_association",
      "name": "database_subnet_asso",
      "provider": "provider[\"registry.terraform.io/hashicorp/aws\"]",
      "instances": [
        {
          "index_key": 0,
          "schema_version": 0,
          "attributes": {
            "gateway_id": "",
            "id": "rtbassoc-09292b24d133c16f6",
            "route_table_id": "rtb-0a738fbfd992ea48b",
            "subnet_id": "subnet-0f04865c9d0f7f148",
            "timeouts": null
          },
          "sensitive_attributes": [],
          "identity_schema_version": 0,
          "private": "eyJlMmJmYjczMC1lY2FhLTExZTYtOGY4OC0zNDM2M2JjN2M0YzAiOnsiY3JlYXRlIjozMDAwMDAwMDAwMDAsImRlbGV0ZSI6MzAwMDAwMDAwMDAwLCJ1cGRhdGUiOjEyMDAwMDAwMDAwMH19",
          "dependencies": [
            "module.network.aws_eip.nat",
            "module.network.aws_internet_gateway.gw",
            "module.network.aws_nat_gateway.nat",
            "module.network.aws_route_table.database_rt",
            "module.network.aws_subnet.database",
            "module.network.aws_subnet.public",
            "module.network.aws_vpc.main"
          ]
        },
        {
          "index_key": 1,
          "schema_version": 0,
          "attributes": {
            "gateway_id": "",
            "id": "rtbassoc-06d5d4c2689baff79",
            "route_table_id": "rtb-0a738fbfd992ea48b",
            "subnet_id": "subnet-058dff9e6159fb0fc",
            "timeouts": null
          },
          "sensitive_attributes": [],
          "identity_schema_version": 0,
          "private": "eyJlMmJmYjczMC1lY2FhLTExZTYtOGY4OC0zNDM2M2JjN2M0YzAiOnsiY3JlYXRlIjozMDAwMDAwMDAwMDAsImRlbGV0ZSI6MzAwMDAwMDAwMDAwLCJ1cGRhdGUiOjEyMDAwMDAwMDAwMH19",
          "dependencies": [
            "module.network.aws_eip.nat",
            "module.network.aws_internet_gateway.gw",
            "module.network.aws_nat_gateway.nat",
            "module.network.aws_route_table.database_rt",
            "module.network.aws_subnet.database",
            "module.network.aws_subnet.public",
            "module.network.aws_vpc.main"
          ]
        }
      ]
    },
    {
      "module": "module.network",
      "mode": "managed",
      "type": "aws_route_table_association",
      "name": "private_subnet_asso",
      "provider": "provider[\"registry.terraform.io/hashicorp/aws\"]",
      "instances": [
        {
          "index_key": 0,
          "schema_version": 0,
          "attributes": {
            "gateway_id": "",
            "id": "rtbassoc-05d1c00bf71c51f43",
            "route_table_id": "rtb-078bdbaff86866b02",
            "subnet_id": "subnet-0c04b8e9a62fc9710",
            "timeouts": null
          },
          "sensitive_attributes": [],
          "identity_schema_version": 0,
          "private": "eyJlMmJmYjczMC1lY2FhLTExZTYtOGY4OC0zNDM2M2JjN2M0YzAiOnsiY3JlYXRlIjozMDAwMDAwMDAwMDAsImRlbGV0ZSI6MzAwMDAwMDAwMDAwLCJ1cGRhdGUiOjEyMDAwMDAwMDAwMH19",
          "dependencies": [
            "module.network.aws_eip.nat",
            "module.network.aws_internet_gateway.gw",
            "module.network.aws_nat_gateway.nat",
            "module.network.aws_route_table.private_rt",
            "module.network.aws_subnet.private",
            "module.network.aws_subnet.public",
            "module.network.aws_vpc.main"
          ]
        },
        {
          "index_key": 1,
          "schema_version": 0,
          "attributes": {
            "gateway_id": "",
            "id": "rtbassoc-03b3a2c479934ffa6",
            "route_table_id": "rtb-078bdbaff86866b02",
            "subnet_id": "subnet-0cb1fedbe68e6d2e6",
            "timeouts": null
          },
          "sensitive_attributes": [],
          "identity_schema_version": 0,
          "private": "eyJlMmJmYjczMC1lY2FhLTExZTYtOGY4OC0zNDM2M2JjN2M0YzAiOnsiY3JlYXRlIjozMDAwMDAwMDAwMDAsImRlbGV0ZSI6MzAwMDAwMDAwMDAwLCJ1cGRhdGUiOjEyMDAwMDAwMDAwMH19",
          "dependencies": [
            "module.network.aws_eip.nat",
            "module.network.aws_internet_gateway.gw",
            "module.network.aws_nat_gateway.nat",
            "module.network.aws_route_table.private_rt",
            "module.network.aws_subnet.private",
            "module.network.aws_subnet.public",
            "module.network.aws_vpc.main"
          ]
        }
      ]
    },
    {
      "module": "module.network",
      "mode": "managed",
      "type": "aws_route_table_association",
      "name": "public_subnet_asso",
      "provider": "provider[\"registry.terraform.io/hashicorp/aws\"]",
      "instances": [
        {
          "index_key": 0,
          "schema_version": 0,
          "attributes": {
            "gateway_id": "",
            "id": "rtbassoc-0de30643fce951df7",
            "route_table_id": "rtb-051dfbf61608305b1",
            "subnet_id": "subnet-0883d6ac063f6033d",
            "timeouts": null
          },
          "sensitive_attributes": [],
          "identity_schema_version": 0,
          "private": "eyJlMmJmYjczMC1lY2FhLTExZTYtOGY4OC0zNDM2M2JjN2M0YzAiOnsiY3JlYXRlIjozMDAwMDAwMDAwMDAsImRlbGV0ZSI6MzAwMDAwMDAwMDAwLCJ1cGRhdGUiOjEyMDAwMDAwMDAwMH19",
          "dependencies": [
            "module.network.aws_internet_gateway.gw",
            "module.network.aws_route_table.public_rt",
            "module.network.aws_subnet.public",
            "module.network.aws_vpc.main"
          ]
        },
        {
          "index_key": 1,
          "schema_version": 0,
          "attributes": {
            "gateway_id": "",
            "id": "rtbassoc-0a74986d35ff48b73",
            "route_table_id": "rtb-051dfbf61608305b1",
            "subnet_id": "subnet-077541c2969ab078e",
            "timeouts": null
          },
          "sensitive_attributes": [],
          "identity_schema_version": 0,
          "private": "eyJlMmJmYjczMC1lY2FhLTExZTYtOGY4OC0zNDM2M2JjN2M0YzAiOnsiY3JlYXRlIjozMDAwMDAwMDAwMDAsImRlbGV0ZSI6MzAwMDAwMDAwMDAwLCJ1cGRhdGUiOjEyMDAwMDAwMDAwMH19",
          "dependencies": [
            "module.network.aws_internet_gateway.gw",
            "module.network.aws_route_table.public_rt",
            "module.network.aws_subnet.public",
            "module.network.aws_vpc.main"
          ]
        }
      ]
    },
    {
      "module": "module.network",
      "mode": "managed",
      "type": "aws_subnet",
      "name": "database",
      "provider": "provider[\"registry.terraform.io/hashicorp/aws\"]",
      "instances": [
        {
          "index_key": 0,
          "schema_version": 1,
          "attributes": {
            "arn": "arn:aws:ec2:us-east-1:767398111127:subnet/subnet-0f04865c9d0f7f148",
            "assign_ipv6_address_on_creation": false,
            "availability_zone": "us-east-1a",
            "availability_zone_id": "use1-az2",
            "cidr_block": "10.0.5.0/24",
            "customer_owned_ipv4_pool": "",
            "enable_dns64": false,
            "enable_lni_at_device_index": 0,
            "enable_resource_name_dns_a_record_on_launch": false,
            "enable_resource_name_dns_aaaa_record_on_launch": false,
            "id": "subnet-0f04865c9d0f7f148",
            "ipv6_cidr_block": "",
            "ipv6_cidr_block_association_id": "",
            "ipv6_native": false,
            "map_customer_owned_ip_on_launch": false,
            "map_public_ip_on_launch": false,
            "outpost_arn": "",
            "owner_id": "767398111127",
            "private_dns_hostname_type_on_launch": "ip-name",
            "tags": {
              "Name": "App-production-database-subnet-1"
            },
            "tags_all": {
              "Name": "App-production-database-subnet-1"
            },
            "timeouts": null,
            "vpc_id": "vpc-0b9b1d17915a9dc0c"
          },
          "sensitive_attributes": [],
          "identity_schema_version": 0,
          "private": "eyJlMmJmYjczMC1lY2FhLTExZTYtOGY4OC0zNDM2M2JjN2M0YzAiOnsiY3JlYXRlIjo2MDAwMDAwMDAwMDAsImRlbGV0ZSI6MTIwMDAwMDAwMDAwMH0sInNjaGVtYV92ZXJzaW9uIjoiMSJ9",
          "dependencies": [
            "module.network.aws_vpc.main"
          ]
        },
        {
          "index_key": 1,
          "schema_version": 1,
          "attributes": {
            "arn": "arn:aws:ec2:us-east-1:767398111127:subnet/subnet-058dff9e6159fb0fc",
            "assign_ipv6_address_on_creation": false,
            "availability_zone": "us-east-1b",
            "availability_zone_id": "use1-az4",
            "cidr_block": "10.0.6.0/24",
            "customer_owned_ipv4_pool": "",
            "enable_dns64": false,
            "enable_lni_at_device_index": 0,
            "enable_resource_name_dns_a_record_on_launch": false,
            "enable_resource_name_dns_aaaa_record_on_launch": false,
            "id": "subnet-058dff9e6159fb0fc",
            "ipv6_cidr_block": "",
            "ipv6_cidr_block_association_id": "",
            "ipv6_native": false,
            "map_customer_owned_ip_on_launch": false,
            "map_public_ip_on_launch": false,
            "outpost_arn": "",
            "owner_id": "767398111127",
            "private_dns_hostname_type_on_launch": "ip-name",
            "tags": {
              "Name": "App-production-database-subnet-2"
            },
            "tags_all": {
              "Name": "App-production-database-subnet-2"
            },
            "timeouts": null,
            "vpc_id": "vpc-0b9b1d17915a9dc0c"
          },
          "sensitive_attributes": [],
          "identity_schema_version": 0,
          "private": "eyJlMmJmYjczMC1lY2FhLTExZTYtOGY4OC0zNDM2M2JjN2M0YzAiOnsiY3JlYXRlIjo2MDAwMDAwMDAwMDAsImRlbGV0ZSI6MTIwMDAwMDAwMDAwMH0sInNjaGVtYV92ZXJzaW9uIjoiMSJ9",
          "dependencies": [
            "module.network.aws_vpc.main"
          ]
        }
      ]
    },
    {
      "module": "module.network",
      "mode": "managed",
      "type": "aws_subnet",
      "name": "private",
      "provider": "provider[\"registry.terraform.io/hashicorp/aws\"]",
      "instances": [
        {
          "index_key": 0,
          "schema_version": 1,
          "attributes": {
            "arn": "arn:aws:ec2:us-east-1:767398111127:subnet/subnet-0c04b8e9a62fc9710",
            "assign_ipv6_address_on_creation": false,
            "availability_zone": "us-east-1a",
            "availability_zone_id": "use1-az2",
            "cidr_block": "10.0.3.0/24",
            "customer_owned_ipv4_pool": "",
            "enable_dns64": false,
            "enable_lni_at_device_index": 0,
            "enable_resource_name_dns_a_record_on_launch": false,
            "enable_resource_name_dns_aaaa_record_on_launch": false,
            "id": "subnet-0c04b8e9a62fc9710",
            "ipv6_cidr_block": "",
            "ipv6_cidr_block_association_id": "",
            "ipv6_native": false,
            "map_customer_owned_ip_on_launch": false,
            "map_public_ip_on_launch": false,
            "outpost_arn": "",
            "owner_id": "767398111127",
            "private_dns_hostname_type_on_launch": "ip-name",
            "tags": {
              "Name": "App-production-private-subnet-1"
            },
            "tags_all": {
              "Name": "App-production-private-subnet-1"
            },
            "timeouts": null,
            "vpc_id": "vpc-0b9b1d17915a9dc0c"
          },
          "sensitive_attributes": [],
          "identity_schema_version": 0,
          "private": "eyJlMmJmYjczMC1lY2FhLTExZTYtOGY4OC0zNDM2M2JjN2M0YzAiOnsiY3JlYXRlIjo2MDAwMDAwMDAwMDAsImRlbGV0ZSI6MTIwMDAwMDAwMDAwMH0sInNjaGVtYV92ZXJzaW9uIjoiMSJ9",
          "dependencies": [
            "module.network.aws_vpc.main"
          ]
        },
        {
          "index_key": 1,
          "schema_version": 1,
          "attributes": {
            "arn": "arn:aws:ec2:us-east-1:767398111127:subnet/subnet-0cb1fedbe68e6d2e6",
            "assign_ipv6_address_on_creation": false,
            "availability_zone": "us-east-1b",
            "availability_zone_id": "use1-az4",
            "cidr_block": "10.0.4.0/24",
            "customer_owned_ipv4_pool": "",
            "enable_dns64": false,
            "enable_lni_at_device_index": 0,
            "enable_resource_name_dns_a_record_on_launch": false,
            "enable_resource_name_dns_aaaa_record_on_launch": false,
            "id": "subnet-0cb1fedbe68e6d2e6",
            "ipv6_cidr_block": "",
            "ipv6_cidr_block_association_id": "",
            "ipv6_native": false,
            "map_customer_owned_ip_on_launch": false,
            "map_public_ip_on_launch": false,
            "outpost_arn": "",
            "owner_id": "767398111127",
            "private_dns_hostname_type_on_launch": "ip-name",
            "tags": {
              "Name": "App-production-private-subnet-2"
            },
            "tags_all": {
              "Name": "App-production-private-subnet-2"
            },
            "timeouts": null,
            "vpc_id": "vpc-0b9b1d17915a9dc0c"
          },
          "sensitive_attributes": [],
          "identity_schema_version": 0,
          "private": "eyJlMmJmYjczMC1lY2FhLTExZTYtOGY4OC0zNDM2M2JjN2M0YzAiOnsiY3JlYXRlIjo2MDAwMDAwMDAwMDAsImRlbGV0ZSI6MTIwMDAwMDAwMDAwMH0sInNjaGVtYV92ZXJzaW9uIjoiMSJ9",
          "dependencies": [
            "module.network.aws_vpc.main"
          ]
        }
      ]
    },
    {
      "module": "module.network",
      "mode": "managed",
      "type": "aws_subnet",
      "name": "public",
      "provider": "provider[\"registry.terraform.io/hashicorp/aws\"]",
      "instances": [
        {
          "index_key": 0,
          "schema_version": 1,
          "attributes": {
            "arn": "arn:aws:ec2:us-east-1:767398111127:subnet/subnet-0883d6ac063f6033d",
            "assign_ipv6_address_on_creation": false,
            "availability_zone": "us-east-1a",
            "availability_zone_id": "use1-az2",
            "cidr_block": "10.0.1.0/24",
            "customer_owned_ipv4_pool": "",
            "enable_dns64": false,
            "enable_lni_at_device_index": 0,
            "enable_resource_name_dns_a_record_on_launch": false,
            "enable_resource_name_dns_aaaa_record_on_launch": false,
            "id": "subnet-0883d6ac063f6033d",
            "ipv6_cidr_block": "",
            "ipv6_cidr_block_association_id": "",
            "ipv6_native": false,
            "map_customer_owned_ip_on_launch": false,
            "map_public_ip_on_launch": false,
            "outpost_arn": "",
            "owner_id": "767398111127",
            "private_dns_hostname_type_on_launch": "ip-name",
            "tags": {
              "Name": "App-production-public-subnet-1"
            },
            "tags_all": {
              "Name": "App-production-public-subnet-1"
            },
            "timeouts": null,
            "vpc_id": "vpc-0b9b1d17915a9dc0c"
          },
          "sensitive_attributes": [],
          "identity_schema_version": 0,
          "private": "eyJlMmJmYjczMC1lY2FhLTExZTYtOGY4OC0zNDM2M2JjN2M0YzAiOnsiY3JlYXRlIjo2MDAwMDAwMDAwMDAsImRlbGV0ZSI6MTIwMDAwMDAwMDAwMH0sInNjaGVtYV92ZXJzaW9uIjoiMSJ9",
          "dependencies": [
            "module.network.aws_vpc.main"
          ]
        },
        {
          "index_key": 1,
          "schema_version": 1,
          "attributes": {
            "arn": "arn:aws:ec2:us-east-1:767398111127:subnet/subnet-077541c2969ab078e",
            "assign_ipv6_address_on_creation": false,
            "availability_zone": "us-east-1b",
            "availability_zone_id": "use1-az4",
            "cidr_block": "10.0.2.0/24",
            "customer_owned_ipv4_pool": "",
            "enable_dns64": false,
            "enable_lni_at_device_index": 0,
            "enable_resource_name_dns_a_record_on_launch": false,
            "enable_resource_name_dns_aaaa_record_on_launch": false,
            "id": "subnet-077541c2969ab078e",
            "ipv6_cidr_block": "",
            "ipv6_cidr_block_association_id": "",
            "ipv6_native": false,
            "map_customer_owned_ip_on_launch": false,
            "map_public_ip_on_launch": false,
            "outpost_arn": "",
            "owner_id": "767398111127",
            "private_dns_hostname_type_on_launch": "ip-name",
            "tags": {
              "Name": "App-production-public-subnet-2"
            },
            "tags_all": {
              "Name": "App-production-public-subnet-2"
            },
            "timeouts": null,
            "vpc_id": "vpc-0b9b1d17915a9dc0c"
          },
          "sensitive_attributes": [],
          "identity_schema_version": 0,
          "private": "eyJlMmJmYjczMC1lY2FhLTExZTYtOGY4OC0zNDM2M2JjN2M0YzAiOnsiY3JlYXRlIjo2MDAwMDAwMDAwMDAsImRlbGV0ZSI6MTIwMDAwMDAwMDAwMH0sInNjaGVtYV92ZXJzaW9uIjoiMSJ9",
          "dependencies": [
            "module.network.aws_vpc.main"
          ]
        }
      ]
    },
    {
      "module": "module.network",
      "mode": "managed",
      "type": "aws_vpc",
      "name": "main",
      "provider": "provider[\"registry.terraform.io/hashicorp/aws\"]",
      "instances": [
        {
          "schema_version": 1,
          "attributes": {
            "arn": "arn:aws:ec2:us-east-1:767398111127:vpc/vpc-0b9b1d17915a9dc0c",
            "assign_generated_ipv6_cidr_block": false,
            "cidr_block": "10.0.0.0/16",
            "default_network_acl_id": "acl-01fcfc03cae3f1ff5",
            "default_route_table_id": "rtb-01b1833d934f4434a",
            "default_security_group_id": "sg-0f02aae77eaf5f254",
            "dhcp_options_id": "dopt-0b860b60b5552500b",
            "enable_dns_hostnames": false,
            "enable_dns_support": true,
            "enable_network_address_usage_metrics": false,
            "id": "vpc-0b9b1d17915a9dc0c",
            "instance_tenancy": "default",
            "ipv4_ipam_pool_id": null,
            "ipv4_netmask_length": null,
            "ipv6_association_id": "",
            "ipv6_cidr_block": "",
            "ipv6_cidr_block_network_border_group": "",
            "ipv6_ipam_pool_id": "",
            "ipv6_netmask_length": 0,
            "main_route_table_id": "rtb-01b1833d934f4434a",
            "owner_id": "767398111127",
            "tags": {
              "Name": "App-production-vpc"
            },
            "tags_all": {
              "Name": "App-production-vpc"
            }
          },
          "sensitive_attributes": [],
          "identity_schema_version": 0,
          "private": "eyJzY2hlbWFfdmVyc2lvbiI6IjEifQ=="
        }
      ]
    }
  ],
  "check_results": null
}
